
Microsoft Visual Studio Solution File, Format Version 12.00
# Visual Studio Version 16
VisualStudioVersion = 16.0.31025.194
MinimumVisualStudioVersion = 10.0.40219.1
Project("{FAE04EC0-301F-11D3-BF4B-00C04F79EFBC}") = "IBANChecker", "IBANChecker\IBANChecker.csproj", "{0356A741-2372-4CE8-83B5-6CAE6303C187}"
EndProject
Global
	GlobalSection(SolutionConfigurationPlatforms) = preSolution
		Debug|Any CPU = Debug|Any CPU
		Release|Any CPU = Release|Any CPU
	EndGlobalSection
	GlobalSection(ProjectConfigurationPlatforms) = postSolution
		{0356A741-2372-4CE8-83B5-6CAE6303C187}.Debug|Any CPU.ActiveCfg = Debug|Any CPU
		{0356A741-2372-4CE8-83B5-6CAE6303C187}.Debug|Any CPU.Build.0 = Debug|Any CPU
		{0356A741-2372-4CE8-83B5-6CAE6303C187}.Release|Any CPU.ActiveCfg = Release|Any CPU
		{0356A741-2372-4CE8-83B5-6CAE6303C187}.Release|Any CPU.Build.0 = Release|Any CPU
	EndGlobalSection
	GlobalSection(SolutionProperties) = preSolution
		HideSolutionNode = FALSE
	EndGlobalSection
	GlobalSection(ExtensibilityGlobals) = postSolution
		SolutionGuid = {6D99E5A2-F675-4856-9943-461A8F11DDC4}
	EndGlobalSection
EndGlobal
